
Microsoft Visual Studio Solution File, Format Version 12.00
# Visual Studio 14
VisualStudioVersion = 14.0.25123.0
MinimumVisualStudioVersion = 10.0.40219.1
Project("{8BC9CEB8-8B4A-11D0-8D11-00A0C91BC942}") = "Graphics", "Graphics.vcxproj", "{62F23E81-192E-4FD9-9E63-92D501EC3A37}"
EndProject
Project("{8BC9CEB8-8B4A-11D0-8D11-00A0C91BC942}") = "01-HelloTriangle", "test\01-HelloTriangle\01-HelloTriangle.vcxproj", "{3394AB56-7C6F-4BFA-8D5B-8BF91A0D37D7}"
	ProjectSection(ProjectDependencies) = postProject
		{62F23E81-192E-4FD9-9E63-92D501EC3A37} = {62F23E81-192E-4FD9-9E63-92D501EC3A37}
	EndProjectSection
EndProject
Global
	GlobalSection(SolutionConfigurationPlatforms) = preSolution
		Debug|x64 = Debug|x64
		Debug|x86 = Debug|x86
		Release|x64 = Release|x64
		Release|x86 = Release|x86
	EndGlobalSection
	GlobalSection(ProjectConfigurationPlatforms) = postSolution
		{62F23E81-192E-4FD9-9E63-92D501EC3A37}.Debug|x64.ActiveCfg = Debug|x64
		{62F23E81-192E-4FD9-9E63-92D501EC3A37}.Debug|x64.Build.0 = Debug|x64
		{62F23E81-192E-4FD9-9E63-92D501EC3A37}.Debug|x86.ActiveCfg = Debug|Win32
		{62F23E81-192E-4FD9-9E63-92D501EC3A37}.Debug|x86.Build.0 = Debug|Win32
		{62F23E81-192E-4FD9-9E63-92D501EC3A37}.Release|x64.ActiveCfg = Release|x64
		{62F23E81-192E-4FD9-9E63-92D501EC3A37}.Release|x64.Build.0 = Release|x64
		{62F23E81-192E-4FD9-9E63-92D501EC3A37}.Release|x86.ActiveCfg = Release|Win32
		{62F23E81-192E-4FD9-9E63-92D501EC3A37}.Release|x86.Build.0 = Release|Win32
		{3394AB56-7C6F-4BFA-8D5B-8BF91A0D37D7}.Debug|x64.ActiveCfg = Debug|x64
		{3394AB56-7C6F-4BFA-8D5B-8BF91A0D37D7}.Debug|x64.Build.0 = Debug|x64
		{3394AB56-7C6F-4BFA-8D5B-8BF91A0D37D7}.Debug|x86.ActiveCfg = Debug|Win32
		{3394AB56-7C6F-4BFA-8D5B-8BF91A0D37D7}.Debug|x86.Build.0 = Debug|Win32
		{3394AB56-7C6F-4BFA-8D5B-8BF91A0D37D7}.Release|x64.ActiveCfg = Release|x64
		{3394AB56-7C6F-4BFA-8D5B-8BF91A0D37D7}.Release|x64.Build.0 = Release|x64
		{3394AB56-7C6F-4BFA-8D5B-8BF91A0D37D7}.Release|x86.ActiveCfg = Release|Win32
		{3394AB56-7C6F-4BFA-8D5B-8BF91A0D37D7}.Release|x86.Build.0 = Release|Win32
	EndGlobalSection
	GlobalSection(SolutionProperties) = preSolution
		HideSolutionNode = FALSE
	EndGlobalSection
EndGlobal
